
Microsoft Visual Studio Solution File, Format Version 12.00
# Visual Studio Version 16
VisualStudioVersion = 16.0.32630.194
MinimumVisualStudioVersion = 10.0.40219.1
Project("{FAE04EC0-301F-11D3-BF4B-00C04F79EFBC}") = "Drying Paint", "Drying Paint\Drying Paint.csproj", "{5DD76143-5637-4230-8F66-2255E5877B51}"
EndProject
Global
	GlobalSection(SolutionConfigurationPlatforms) = preSolution
		Debug|Any CPU = Debug|Any CPU
		Release|Any CPU = Release|Any CPU
	EndGlobalSection
	GlobalSection(ProjectConfigurationPlatforms) = postSolution
		{5DD76143-5637-4230-8F66-2255E5877B51}.Debug|Any CPU.ActiveCfg = Debug|Any CPU
		{5DD76143-5637-4230-8F66-2255E5877B51}.Debug|Any CPU.Build.0 = Debug|Any CPU
		{5DD76143-5637-4230-8F66-2255E5877B51}.Release|Any CPU.ActiveCfg = Release|Any CPU
		{5DD76143-5637-4230-8F66-2255E5877B51}.Release|Any CPU.Build.0 = Release|Any CPU
	EndGlobalSection
	GlobalSection(SolutionProperties) = preSolution
		HideSolutionNode = FALSE
	EndGlobalSection
	GlobalSection(ExtensibilityGlobals) = postSolution
		SolutionGuid = {26254961-01EC-4565-A727-E30D4DD6BCB1}
	EndGlobalSection
EndGlobal
